{
  "name": "hypercli",
  "version": "0.0.1",
  "lockfileVersion": 1,
  "requires": true,
  "dependencies": {
    "@types/blessed": {
      "version": "0.1.15",
      "resolved": "https://registry.npmjs.org/@types/blessed/-/blessed-0.1.15.tgz",
      "integrity": "sha512-HEaYeZxhs1K6PWh7FZKG9n+5aLp1Ke3OSw5QmcPHOMJjThG53+14rHHnFxv/UcWTHRwotWys7S77K9Dxo1YSxg==",
      "dev": true,
      "requires": {
        "@types/node": "*"
      }
    },
    "@types/node": {
      "version": "13.1.1",
      "resolved": "https://registry.npmjs.org/@types/node/-/node-13.1.1.tgz",
      "integrity": "sha512-hx6zWtudh3Arsbl3cXay+JnkvVgCKzCWKv42C9J01N2T2np4h8w5X8u6Tpz5mj38kE3M9FM0Pazx8vKFFMnjLQ==",
      "dev": true
    },
    "blessed": {
      "version": "0.1.81",
      "resolved": "https://registry.npmjs.org/blessed/-/blessed-0.1.81.tgz",
      "integrity": "sha1-+WLWh+wsNpVwrnGvhDJW5tDKESk="
    },
    "fetch-mw-oauth2": {
      "version": "0.4.2",
      "resolved": "https://registry.npmjs.org/fetch-mw-oauth2/-/fetch-mw-oauth2-0.4.2.tgz",
      "integrity": "sha512-yzvBLlwn/WxVTN8HBpIM6teXlv6TWXmcCZFz1OGj5AIjgGNXvcdY9OpO5AlBZ9P+XV300eDahWgXKDgcfdhtmg=="
    },
    "http-link-header": {
      "version": "1.0.2",
      "resolved": "https://registry.npmjs.org/http-link-header/-/http-link-header-1.0.2.tgz",
      "integrity": "sha512-z6YOZ8ZEnejkcCWlGZzYXNa6i+ZaTfiTg3WhlV/YvnNya3W/RbX1bMVUMTuCrg/DrtTCQxaFCkXCz4FtLpcebg=="
    },
    "ketting": {
      "version": "5.0.1",
      "resolved": "https://registry.npmjs.org/ketting/-/ketting-5.0.1.tgz",
      "integrity": "sha512-XVDjAGy49OPSHqqrFExLEAvveflQ1CkONv0OzKO9lkYLd0wbzt4A/7Wtq1QAQeS0uT5Z2i3eGj5nFSki6gWbPg==",
      "requires": {
        "fetch-mw-oauth2": "^0.4.2",
        "http-link-header": "^1.0.2",
        "node-fetch": "^2.6.0",
        "querystring-browser": "^1.0.4",
        "sax": "^1.2.4",
        "uri-template": "^1.0.1"
      }
    },
    "neo-blessed": {
      "version": "0.2.0",
      "resolved": "https://registry.npmjs.org/neo-blessed/-/neo-blessed-0.2.0.tgz",
      "integrity": "sha512-C2kC4K+G2QnNQFXUIxTQvqmrdSIzGTX1ZRKeDW6ChmvPRw8rTkTEJzbEQHiHy06d36PCl/yMOCjquCRV8SpSQw=="
    },
    "node-fetch": {
      "version": "2.6.0",
      "resolved": "https://registry.npmjs.org/node-fetch/-/node-fetch-2.6.0.tgz",
      "integrity": "sha512-8dG4H5ujfvFiqDmVu9fQ5bOHUC15JMjMY/Zumv26oOvvVJjM67KF8koCWIabKQ1GJIa9r2mMZscBq/TbdOcmNA=="
    },
    "pct-encode": {
      "version": "1.0.2",
      "resolved": "https://registry.npmjs.org/pct-encode/-/pct-encode-1.0.2.tgz",
      "integrity": "sha1-uZt7BE1r18OeSDmnqAEirXUVyqU="
    },
    "querystring-browser": {
      "version": "1.0.4",
      "resolved": "https://registry.npmjs.org/querystring-browser/-/querystring-browser-1.0.4.tgz",
      "integrity": "sha1-8uNYgYQKgZvHsb9Zf68JeeZiLcY="
    },
    "sax": {
      "version": "1.2.4",
      "resolved": "https://registry.npmjs.org/sax/-/sax-1.2.4.tgz",
      "integrity": "sha512-NqVDv9TpANUjFm0N8uM5GxL36UgKi9/atZw+x7YFnQ8ckwFGKrl4xX4yWtrey3UJm5nP1kUbnYgLopqWNSRhWw=="
    },
    "typescript": {
      "version": "3.7.4",
      "resolved": "https://registry.npmjs.org/typescript/-/typescript-3.7.4.tgz",
      "integrity": "sha512-A25xv5XCtarLwXpcDNZzCGvW2D1S3/bACratYBx2sax8PefsFhlYmkQicKHvpYflFS8if4zne5zT5kpJ7pzuvw==",
      "dev": true
    },
    "uri-template": {
      "version": "1.0.1",
      "resolved": "https://registry.npmjs.org/uri-template/-/uri-template-1.0.1.tgz",
      "integrity": "sha1-FKklo35Nk/diVDKqEWsF5Qyuga0=",
      "requires": {
        "pct-encode": "~1.0.0"
      }
    }
  }
}
